# This file was autogenerated by Stack.
# You should not edit this file by hand.
# For more information, please see the documentation at:
#   https://docs.haskellstack.org/en/stable/lock_files

packages:
- completed:
    commit: b70757b85751525cba41316ea9af132d9a43cfaf
    git: https://github.com/codedownio/haskell-oidc-client
    name: oidc-client
    pantry-tree:
      sha256: b389011ec2b8e7422a56c82833075ddf0152f613044f7acdd1f51a1346d2f7ca
      size: 1901
    version: 0.8.0.0
  original:
    commit: b70757b85751525cba41316ea9af132d9a43cfaf
    git: https://github.com/codedownio/haskell-oidc-client
snapshots:
- completed:
    sha256: 4ef79c30b9efcf07335cb3de532983a7ac4c5a4180bc17f6212a86b09ce2ff75
    size: 680777
    url: https://raw.githubusercontent.com/commercialhaskell/stackage-snapshots/master/lts/23/7.yaml
  original: lts-23.7
